// !$*UTF8*$!
{
	archiveVersion = 1;
	classes = {
	};
	objectVersion = 46;
	objects = {

/* Begin PBXBuildFile section */
		32398BCC1E3B25A70096C371 /* Info.plist in Resources */ = {isa = PBXBuildFile; fileRef = 32398BCB1E3B25A70096C371 /* Info.plist */; };
		323B30671E39DC080069406C /* ListView.swift in Sources */ = {isa = PBXBuildFile; fileRef = 323B30661E39DC080069406C /* ListView.swift */; };
		323B30691E39E9DE0069406C /* Folder-50@2x.png in Resources */ = {isa = PBXBuildFile; fileRef = 323B30681E39E9DE0069406C /* Folder-50@2x.png */; };
		3265D4581E38755E00967ADB /* AppDelegate.swift in Sources */ = {isa = PBXBuildFile; fileRef = 3265D4571E38755E00967ADB /* AppDelegate.swift */; };
		3265D45A1E38755F00967ADB /* ViewController.swift in Sources */ = {isa = PBXBuildFile; fileRef = 3265D4591E38755F00967ADB /* ViewController.swift */; };
		3265D45D1E38755F00967ADB /* Main.storyboard in Resources */ = {isa = PBXBuildFile; fileRef = 3265D45B1E38755F00967ADB /* Main.storyboard */; };
		3265D45F1E38755F00967ADB /* Assets.xcassets in Resources */ = {isa = PBXBuildFile; fileRef = 3265D45E1E38755F00967ADB /* Assets.xcassets */; };
		3265D4621E38755F00967ADB /* LaunchScreen.storyboard in Resources */ = {isa = PBXBuildFile; fileRef = 3265D4601E38755F00967ADB /* LaunchScreen.storyboard */; };
		3265D46A1E3883B100967ADB /* GoogleService-Info.plist in Resources */ = {isa = PBXBuildFile; fileRef = 3265D4691E3883B100967ADB /* GoogleService-Info.plist */; };
		3265D46E1E388EF000967ADB /* SwiftyJSON.swift in Sources */ = {isa = PBXBuildFile; fileRef = 3265D46D1E388EF000967ADB /* SwiftyJSON.swift */; };
		ED1472EE4D4BC545ECE2D7BB /* Pods_GoogleDriveSample.framework in Frameworks */ = {isa = PBXBuildFile; fileRef = B46B30CDCFFB1AB0A86774A7 /* Pods_GoogleDriveSample.framework */; };
/* End PBXBuildFile section */

/* Begin PBXFileReference section */
		0903500981D2714FFA630751 /* Pods-GoogleDriveSample.debug.xcconfig */ = {isa = PBXFileReference; includeInIndex = 1; lastKnownFileType = text.xcconfig; name = "Pods-GoogleDriveSample.debug.xcconfig"; path = "Pods/Target Support Files/Pods-GoogleDriveSample/Pods-GoogleDriveSample.debug.xcconfig"; sourceTree = "<group>"; };
		32398BCB1E3B25A70096C371 /* Info.plist */ = {isa = PBXFileReference; fileEncoding = 4; lastKnownFileType = text.plist.xml; path = Info.plist; sourceTree = "<group>"; };
		323B30661E39DC080069406C /* ListView.swift */ = {isa = PBXFileReference; fileEncoding = 4; lastKnownFileType = sourcecode.swift; path = ListView.swift; sourceTree = "<group>"; };
		323B30681E39E9DE0069406C /* Folder-50@2x.png */ = {isa = PBXFileReference; lastKnownFileType = image.png; path = "Folder-50@2x.png"; sourceTree = "<group>"; };
		3265D4541E38755E00967ADB /* GoogleDriveSample.app */ = {isa = PBXFileReference; explicitFileType = wrapper.application; includeInIndex = 0; path = GoogleDriveSample.app; sourceTree = BUILT_PRODUCTS_DIR; };
		3265D4571E38755E00967ADB /* AppDelegate.swift */ = {isa = PBXFileReference; lastKnownFileType = sourcecode.swift; path = AppDelegate.swift; sourceTree = "<group>"; };
		3265D4591E38755F00967ADB /* ViewController.swift */ = {isa = PBXFileReference; lastKnownFileType = sourcecode.swift; path = ViewController.swift; sourceTree = "<group>"; };
		3265D45C1E38755F00967ADB /* Base */ = {isa = PBXFileReference; lastKnownFileType = file.storyboard; name = Base; path = Base.lproj/Main.storyboard; sourceTree = "<group>"; };
		3265D45E1E38755F00967ADB /* Assets.xcassets */ = {isa = PBXFileReference; lastKnownFileType = folder.assetcatalog; path = Assets.xcassets; sourceTree = "<group>"; };
		3265D4611E38755F00967ADB /* Base */ = {isa = PBXFileReference; lastKnownFileType = file.storyboard; name = Base; path = Base.lproj/LaunchScreen.storyboard; sourceTree = "<group>"; };
		3265D4691E3883B100967ADB /* GoogleService-Info.plist */ = {isa = PBXFileReference; fileEncoding = 4; lastKnownFileType = text.plist.xml; path = "GoogleService-Info.plist"; sourceTree = "<group>"; };
		3265D46B1E38846200967ADB /* GoogleDriveSample-Bridging-Header.h */ = {isa = PBXFileReference; lastKnownFileType = sourcecode.c.h; path = "GoogleDriveSample-Bridging-Header.h"; sourceTree = SOURCE_ROOT; };
		3265D46D1E388EF000967ADB /* SwiftyJSON.swift */ = {isa = PBXFileReference; fileEncoding = 4; lastKnownFileType = sourcecode.swift; path = SwiftyJSON.swift; sourceTree = "<group>"; };
		B46B30CDCFFB1AB0A86774A7 /* Pods_GoogleDriveSample.framework */ = {isa = PBXFileReference; explicitFileType = wrapper.framework; includeInIndex = 0; path = Pods_GoogleDriveSample.framework; sourceTree = BUILT_PRODUCTS_DIR; };
		C1A38E89B1A94C091F2FCF4D /* Pods-GoogleDriveSample.release.xcconfig */ = {isa = PBXFileReference; includeInIndex = 1; lastKnownFileType = text.xcconfig; name = "Pods-GoogleDriveSample.release.xcconfig"; path = "Pods/Target Support Files/Pods-GoogleDriveSample/Pods-GoogleDriveSample.release.xcconfig"; sourceTree = "<group>"; };
/* End PBXFileReference section */

/* Begin PBXFrameworksBuildPhase section */
		3265D4511E38755E00967ADB /* Frameworks */ = {
			isa = PBXFrameworksBuildPhase;
			buildActionMask = 2147483647;
			files = (
				ED1472EE4D4BC545ECE2D7BB /* Pods_GoogleDriveSample.framework in Frameworks */,
			);
			runOnlyForDeploymentPostprocessing = 0;
		};
/* End PBXFrameworksBuildPhase section */

/* Begin PBXGroup section */
		3265D44B1E38755E00967ADB = {
			isa = PBXGroup;
			children = (
				3265D4561E38755E00967ADB /* GoogleDriveSample */,
				3265D4551E38755E00967ADB /* Products */,
				5DDBC2F1FDF737987B65495D /* Pods */,
				C534830E4B81086AEDA2443D /* Frameworks */,
			);
			sourceTree = "<group>";
		};
		3265D4551E38755E00967ADB /* Products */ = {
			isa = PBXGroup;
			children = (
				3265D4541E38755E00967ADB /* GoogleDriveSample.app */,
			);
			name = Products;
			sourceTree = "<group>";
		};
		3265D4561E38755E00967ADB /* GoogleDriveSample */ = {
			isa = PBXGroup;
			children = (
				323B30681E39E9DE0069406C /* Folder-50@2x.png */,
				3265D4571E38755E00967ADB /* AppDelegate.swift */,
				3265D4591E38755F00967ADB /* ViewController.swift */,
				323B30661E39DC080069406C /* ListView.swift */,
				3265D46D1E388EF000967ADB /* SwiftyJSON.swift */,
				3265D45B1E38755F00967ADB /* Main.storyboard */,
				3265D45E1E38755F00967ADB /* Assets.xcassets */,
				3265D4601E38755F00967ADB /* LaunchScreen.storyboard */,
				32398BCB1E3B25A70096C371 /* Info.plist */,
				3265D4691E3883B100967ADB /* GoogleService-Info.plist */,
				3265D46B1E38846200967ADB /* GoogleDriveSample-Bridging-Header.h */,
			);
			path = GoogleDriveSample;
			sourceTree = "<group>";
		};
		5DDBC2F1FDF737987B65495D /* Pods */ = {
			isa = PBXGroup;
			children = (
				0903500981D2714FFA630751 /* Pods-GoogleDriveSample.debug.xcconfig */,
				C1A38E89B1A94C091F2FCF4D /* Pods-GoogleDriveSample.release.xcconfig */,
			);
			name = Pods;
			sourceTree = "<group>";
		};
		C534830E4B81086AEDA2443D /* Frameworks */ = {
			isa = PBXGroup;
			children = (
				B46B30CDCFFB1AB0A86774A7 /* Pods_GoogleDriveSample.framework */,
			);
			name = Frameworks;
			sourceTree = "<group>";
		};
/* End PBXGroup section */

/* Begin PBXNativeTarget section */
		3265D4531E38755E00967ADB /* GoogleDriveSample */ = {
			isa = PBXNativeTarget;
			buildConfigurationList = 3265D4661E38755F00967ADB /* Build configuration list for PBXNativeTarget "GoogleDriveSample" */;
			buildPhases = (
				54C7EF8C80C3559011FAD569 /* [CP] Check Pods Manifest.lock */,
				3265D4501E38755E00967ADB /* Sources */,
				3265D4511E38755E00967ADB /* Frameworks */,
				3265D4521E38755E00967ADB /* Resources */,
				D1368689856CC857D92FA1B5 /* [CP] Embed Pods Frameworks */,
				39DAD321214C38AB44850FE9 /* [CP] Copy Pods Resources */,
			);
			buildRules = (
			);
			dependencies = (
			);
			name = GoogleDriveSample;
			productName = GoogleDriveSample;
			productReference = 3265D4541E38755E00967ADB /* GoogleDriveSample.app */;
			productType = "com.apple.product-type.application";
		};
/* End PBXNativeTarget section */

/* Begin PBXProject section */
		3265D44C1E38755E00967ADB /* Project object */ = {
			isa = PBXProject;
			attributes = {
				LastSwiftUpdateCheck = 0820;
				LastUpgradeCheck = 0820;
				ORGANIZATIONNAME = "T@d";
				TargetAttributes = {
					3265D4531E38755E00967ADB = {
						CreatedOnToolsVersion = 8.2.1;
						DevelopmentTeam = LPMD2DMU36;
						ProvisioningStyle = Automatic;
					};
				};
			};
			buildConfigurationList = 3265D44F1E38755E00967ADB /* Build configuration list for PBXProject "GoogleDriveSample" */;
			compatibilityVersion = "Xcode 3.2";
			developmentRegion = English;
			hasScannedForEncodings = 0;
			knownRegions = (
				en,
				Base,
			);
			mainGroup = 3265D44B1E38755E00967ADB;
			productRefGroup = 3265D4551E38755E00967ADB /* Products */;
			projectDirPath = "";
			projectRoot = "";
			targets = (
				3265D4531E38755E00967ADB /* GoogleDriveSample */,
			);
		};
/* End PBXProject section */

/* Begin PBXResourcesBuildPhase section */
		3265D4521E38755E00967ADB /* Resources */ = {
			isa = PBXResourcesBuildPhase;
			buildActionMask = 2147483647;
			files = (
				3265D4621E38755F00967ADB /* LaunchScreen.storyboard in Resources */,
				3265D46A1E3883B100967ADB /* GoogleService-Info.plist in Resources */,
				32398BCC1E3B25A70096C371 /* Info.plist in Resources */,
				3265D45F1E38755F00967ADB /* Assets.xcassets in Resources */,
				323B30691E39E9DE0069406C /* Folder-50@2x.png in Resources */,
				3265D45D1E38755F00967ADB /* Main.storyboard in Resources */,
			);
			runOnlyForDeploymentPostprocessing = 0;
		};
/* End PBXResourcesBuildPhase section */

/* Begin PBXShellScriptBuildPhase section */
		39DAD321214C38AB44850FE9 /* [CP] Copy Pods Resources */ = {
			isa = PBXShellScriptBuildPhase;
			buildActionMask = 2147483647;
			files = (
			);
			inputPaths = (
			);
			name = "[CP] Copy Pods Resources";
			outputPaths = (
			);
			runOnlyForDeploymentPostprocessing = 0;
			shellPath = /bin/sh;
			shellScript = "\"${SRCROOT}/Pods/Target Support Files/Pods-GoogleDriveSample/Pods-GoogleDriveSample-resources.sh\"\n";
			showEnvVarsInLog = 0;
		};
		54C7EF8C80C3559011FAD569 /* [CP] Check Pods Manifest.lock */ = {
			isa = PBXShellScriptBuildPhase;
			buildActionMask = 2147483647;
			files = (
			);
			inputPaths = (
			);
			name = "[CP] Check Pods Manifest.lock";
			outputPaths = (
			);
			runOnlyForDeploymentPostprocessing = 0;
			shellPath = /bin/sh;
			shellScript = "diff \"${PODS_ROOT}/../Podfile.lock\" \"${PODS_ROOT}/Manifest.lock\" > /dev/null\nif [ $? != 0 ] ; then\n    # print error to STDERR\n    echo \"error: The sandbox is not in sync with the Podfile.lock. Run 'pod install' or update your CocoaPods installation.\" >&2\n    exit 1\nfi\n";
			showEnvVarsInLog = 0;
		};
		D1368689856CC857D92FA1B5 /* [CP] Embed Pods Frameworks */ = {
			isa = PBXShellScriptBuildPhase;
			buildActionMask = 2147483647;
			files = (
			);
			inputPaths = (
			);
			name = "[CP] Embed Pods Frameworks";
			outputPaths = (
			);
			runOnlyForDeploymentPostprocessing = 0;
			shellPath = /bin/sh;
			shellScript = "\"${SRCROOT}/Pods/Target Support Files/Pods-GoogleDriveSample/Pods-GoogleDriveSample-frameworks.sh\"\n";
			showEnvVarsInLog = 0;
		};
/* End PBXShellScriptBuildPhase section */

/* Begin PBXSourcesBuildPhase section */
		3265D4501E38755E00967ADB /* Sources */ = {
			isa = PBXSourcesBuildPhase;
			buildActionMask = 2147483647;
			files = (
				323B30671E39DC080069406C /* ListView.swift in Sources */,
				3265D46E1E388EF000967ADB /* SwiftyJSON.swift in Sources */,
				3265D45A1E38755F00967ADB /* ViewController.swift in Sources */,
				3265D4581E38755E00967ADB /* AppDelegate.swift in Sources */,
			);
			runOnlyForDeploymentPostprocessing = 0;
		};
/* End PBXSourcesBuildPhase section */

/* Begin PBXVariantGroup section */
		3265D45B1E38755F00967ADB /* Main.storyboard */ = {
			isa = PBXVariantGroup;
			children = (
				3265D45C1E38755F00967ADB /* Base */,
			);
			name = Main.storyboard;
			sourceTree = "<group>";
		};
		3265D4601E38755F00967ADB /* LaunchScreen.storyboard */ = {
			isa = PBXVariantGroup;
			children = (
				3265D4611E38755F00967ADB /* Base */,
			);
			name = LaunchScreen.storyboard;
			sourceTree = "<group>";
		};
/* End PBXVariantGroup section */

/* Begin XCBuildConfiguration section */
		3265D4641E38755F00967ADB /* Debug */ = {
			isa = XCBuildConfiguration;
			buildSettings = {
				ALWAYS_SEARCH_USER_PATHS = NO;
				CLANG_ANALYZER_NONNULL = YES;
				CLANG_CXX_LANGUAGE_STANDARD = "gnu++0x";
				CLANG_CXX_LIBRARY = "libc++";
				CLANG_ENABLE_MODULES = YES;
				CLANG_ENABLE_OBJC_ARC = YES;
				CLANG_WARN_BOOL_CONVERSION = YES;
				CLANG_WARN_CONSTANT_CONVERSION = YES;
				CLANG_WARN_DIRECT_OBJC_ISA_USAGE = YES_ERROR;
				CLANG_WARN_DOCUMENTATION_COMMENTS = YES;
				CLANG_WARN_EMPTY_BODY = YES;
				CLANG_WARN_ENUM_CONVERSION = YES;
				CLANG_WARN_INFINITE_RECURSION = YES;
				CLANG_WARN_INT_CONVERSION = YES;
				CLANG_WARN_OBJC_ROOT_CLASS = YES_ERROR;
				CLANG_WARN_SUSPICIOUS_MOVE = YES;
				CLANG_WARN_UNREACHABLE_CODE = YES;
				CLANG_WARN__DUPLICATE_METHOD_MATCH = YES;
				"CODE_SIGN_IDENTITY[sdk=iphoneos*]" = "iPhone Developer";
				COPY_PHASE_STRIP = NO;
				DEBUG_INFORMATION_FORMAT = dwarf;
				ENABLE_STRICT_OBJC_MSGSEND = YES;
				ENABLE_TESTABILITY = YES;
				GCC_C_LANGUAGE_STANDARD = gnu99;
				GCC_DYNAMIC_NO_PIC = NO;
				GCC_NO_COMMON_BLOCKS = YES;
				GCC_OPTIMIZATION_LEVEL = 0;
				GCC_PREPROCESSOR_DEFINITIONS = (
					"DEBUG=1",
					"$(inherited)",
				);
				GCC_WARN_64_TO_32_BIT_CONVERSION = YES;
				GCC_WARN_ABOUT_RETURN_TYPE = YES_ERROR;
				GCC_WARN_UNDECLARED_SELECTOR = YES;
				GCC_WARN_UNINITIALIZED_AUTOS = YES_AGGRESSIVE;
				GCC_WARN_UNUSED_FUNCTION = YES;
				GCC_WARN_UNUSED_VARIABLE = YES;
				IPHONEOS_DEPLOYMENT_TARGET = 10.2;
				MTL_ENABLE_DEBUG_INFO = YES;
				ONLY_ACTIVE_ARCH = YES;
				SDKROOT = iphoneos;
				SWIFT_ACTIVE_COMPILATION_CONDITIONS = DEBUG;
				SWIFT_OPTIMIZATION_LEVEL = "-Onone";
			};
			name = Debug;
		};
		3265D4651E38755F00967ADB /* Release */ = {
			isa = XCBuildConfiguration;
			buildSettings = {
				ALWAYS_SEARCH_USER_PATHS = NO;
				CLANG_ANALYZER_NONNULL = YES;
				CLANG_CXX_LANGUAGE_STANDARD = "gnu++0x";
				CLANG_CXX_LIBRARY = "libc++";
				CLANG_ENABLE_MODULES = YES;
				CLANG_ENABLE_OBJC_ARC = YES;
				CLANG_WARN_BOOL_CONVERSION = YES;
				CLANG_WARN_CONSTANT_CONVERSION = YES;
				CLANG_WARN_DIRECT_OBJC_ISA_USAGE = YES_ERROR;
				CLANG_WARN_DOCUMENTATION_COMMENTS = YES;
				CLANG_WARN_EMPTY_BODY = YES;
				CLANG_WARN_ENUM_CONVERSION = YES;
				CLANG_WARN_INFINITE_RECURSION = YES;
				CLANG_WARN_INT_CONVERSION = YES;
				CLANG_WARN_OBJC_ROOT_CLASS = YES_ERROR;
				CLANG_WARN_SUSPICIOUS_MOVE = YES;
				CLANG_WARN_UNREACHABLE_CODE = YES;
				CLANG_WARN__DUPLICATE_METHOD_MATCH = YES;
				"CODE_SIGN_IDENTITY[sdk=iphoneos*]" = "iPhone Developer";
				COPY_PHASE_STRIP = NO;
				DEBUG_INFORMATION_FORMAT = "dwarf-with-dsym";
				ENABLE_NS_ASSERTIONS = NO;
				ENABLE_STRICT_OBJC_MSGSEND = YES;
				GCC_C_LANGUAGE_STANDARD = gnu99;
				GCC_NO_COMMON_BLOCKS = YES;
				GCC_WARN_64_TO_32_BIT_CONVERSION = YES;
				GCC_WARN_ABOUT_RETURN_TYPE = YES_ERROR;
				GCC_WARN_UNDECLARED_SELECTOR = YES;
				GCC_WARN_UNINITIALIZED_AUTOS = YES_AGGRESSIVE;
				GCC_WARN_UNUSED_FUNCTION = YES;
				GCC_WARN_UNUSED_VARIABLE = YES;
				IPHONEOS_DEPLOYMENT_TARGET = 10.2;
				MTL_ENABLE_DEBUG_INFO = NO;
				SDKROOT = iphoneos;
				SWIFT_OPTIMIZATION_LEVEL = "-Owholemodule";
				VALIDATE_PRODUCT = YES;
			};
			name = Release;
		};
		3265D4671E38755F00967ADB /* Debug */ = {
			isa = XCBuildConfiguration;
			baseConfigurationReference = 0903500981D2714FFA630751 /* Pods-GoogleDriveSample.debug.xcconfig */;
			buildSettings = {
				ASSETCATALOG_COMPILER_APPICON_NAME = AppIcon;
				DEVELOPMENT_TEAM = LPMD2DMU36;
				INFOPLIST_FILE = GoogleDriveSample/Info.plist;
				LD_RUNPATH_SEARCH_PATHS = "$(inherited) @executable_path/Frameworks";
				PRODUCT_BUNDLE_IDENTIFIER = fm.blunder.GoogleDriveSample;
				PRODUCT_NAME = "$(TARGET_NAME)";
				SWIFT_OBJC_BRIDGING_HEADER = "GoogleDriveSample-Bridging-Header.h";
				SWIFT_VERSION = 3.0;
			};
			name = Debug;
		};
		3265D4681E38755F00967ADB /* Release */ = {
			isa = XCBuildConfiguration;
			baseConfigurationReference = C1A38E89B1A94C091F2FCF4D /* Pods-GoogleDriveSample.release.xcconfig */;
			buildSettings = {
				ASSETCATALOG_COMPILER_APPICON_NAME = AppIcon;
				DEVELOPMENT_TEAM = LPMD2DMU36;
				INFOPLIST_FILE = GoogleDriveSample/Info.plist;
				LD_RUNPATH_SEARCH_PATHS = "$(inherited) @executable_path/Frameworks";
				PRODUCT_BUNDLE_IDENTIFIER = fm.blunder.GoogleDriveSample;
				PRODUCT_NAME = "$(TARGET_NAME)";
				SWIFT_OBJC_BRIDGING_HEADER = "GoogleDriveSample-Bridging-Header.h";
				SWIFT_VERSION = 3.0;
			};
			name = Release;
		};
/* End XCBuildConfiguration section */

/* Begin XCConfigurationList section */
		3265D44F1E38755E00967ADB /* Build configuration list for PBXProject "GoogleDriveSample" */ = {
			isa = XCConfigurationList;
			buildConfigurations = (
				3265D4641E38755F00967ADB /* Debug */,
				3265D4651E38755F00967ADB /* Release */,
			);
			defaultConfigurationIsVisible = 0;
			defaultConfigurationName = Release;
		};
		3265D4661E38755F00967ADB /* Build configuration list for PBXNativeTarget "GoogleDriveSample" */ = {
			isa = XCConfigurationList;
			buildConfigurations = (
				3265D4671E38755F00967ADB /* Debug */,
				3265D4681E38755F00967ADB /* Release */,
			);
			defaultConfigurationIsVisible = 0;
			defaultConfigurationName = Release;
		};
/* End XCConfigurationList section */
	};
	rootObject = 3265D44C1E38755E00967ADB /* Project object */;
}
